github.com/BurntSushi/toml v0.3.1 h1:WXkYYl6Yr3qBf1K79EBnL4mak0OimBfB0XUf9Vl28OQ=
github.com/BurntSushi/toml v0.3.1/go.mod h1:xHWCNGjB5oqiDr8zfno3MHue2Ht5sIBksp03qcyfWMU=
github.com/alouca/gologger v0.0.0-20120904114645-7d4b7291de9c h1:k/7/05/5kPRX7HaKyVYlsGVX6XkFTyYLqkqHzceUVlU=
github.com/alouca/gologger v0.0.0-20120904114645-7d4b7291de9c/go.mod h1:SI1d/2/wpSTDjHgdS9ZLy6hqvsdhzVYAc8RLztweMpA=
github.com/alouca/gosnmp v0.0.0-20170620005048-04d83944c9ab h1:pfx9N/EMDxIwVzGu9JLnmbOMNukW1mfPA9Ymo+S58Ng=
github.com/alouca/gosnmp v0.0.0-20170620005048-04d83944c9ab/go.mod h1:kEcj+iUROrUCr7AIrul5NutI2kWv0ns9BL0ezVp1h/Y=
github.com/davecgh/go-spew v1.1.1 h1:vj9j/u1bqnvCEfJOwUhtlOARqs3+rkHYY13jYWTU97c=
github.com/davecgh/go-spew v1.1.1/go.mod h1:J7Y8YcW2NihsgmVo/mv3lAwl/skON4iLHjSsI+c5H38=
github.com/gogo/protobuf v1.3.1 h1:DqDEcV5aeaTmdFBePNpYsp3FlcVH/2ISVVM9Qf8PSls=
github.com/gogo/protobuf v1.3.1/go.mod h1:SlYgWuQ5SjCEi6WLHjHCa1yvBfUnHcTbrrZtXPKa29o=
github.com/influxdata/influxdb v1.1.4 h1:VLf6ewC579GzI+JQCCZdU2Ijeb/bnf6L8u+ptZhKXVM=
github.com/influxdata/influxdb v1.1.4/go.mod h1:qZna6X/4elxqT3yI9iZYdZrWWdeFOOprn86kgg4+IzY=
github.com/influxdata/kapacitor v1.5.4 h1:XgFV0dhu9xhalAzm7ZMgrXJdn6ZEEl97JPqFTreyvZ8=
github.com/influxdata/kapacitor v1.5.4/go.mod h1:vv15yTwFBi1kUhCUrM/PGdfsbh5Y5F8BaCrdOg2S+d8=
github.com/kisielk/errcheck v1.2.0/go.mod h1:/BMXB+zMLi60iA8Vv6Ksmxu/1UDYcXs4uQLJ+jE2L00=
github.com/kisielk/gotool v1.0.0/go.mod h1:XhKaO+MFFWcvkIS/tQcRk01m1F5IRFswLeQ+oQHNcck=
github.com/lodastack/log v0.0.0-20161025094532-b25a4d2e8c22 h1:iW2GQaZBDm1hZjcmP8Lo3A5i6NDgjgwrn4t8QpClVv8=
github.com/lodastack/log v0.0.0-20161025094532-b25a4d2e8c22/go.mod h1:vXz/v/cScduOoa7Mu6DWVr37fHdAGquDpzE2xao27f0=
github.com/lodastack/models v0.0.0-20190318082849-326fc099cf31 h1:7jnx6d+VJjwGL3Pb9OphqDUJDZ5q8dLbbeos4pNbJE0=
github.com/lodastack/models v0.0.0-20190318082849-326fc099cf31/go.mod h1:6DwdhCS6s4P+9M6rjiNshSdu7T8KqHJcTHnrQVfn1+U=
github.com/lodastack/sdk-go v0.0.0-20170303095045-58b4c40298f6 h1:PH4qQ3vh0GlbBmFHKktUPePeEyeSyHe/yE6Nx0b9gkk=
github.com/lodastack/sdk-go v0.0.0-20170303095045-58b4c40298f6/go.mod h1:rnIUskBa/l7o5CCLDAJLa4W2G0I+F11xuG9PzCRPVZI=
github.com/oiooj/cli v1.3.0 h1:qOXBVf3U4Gy7SZctHvtWiehU+thkVP8rA24UupMo59w=
github.com/oiooj/cli v1.3.0/go.mod h1:/x5O7x/zoTICKcZLi4eNcNNLcYaoMV63uXCsbDBQCXE=
github.com/pkg/errors v0.9.1 h1:FEBLx1zS214owpjy7qsBeixbURkuhQAwrK5UwLGTwt4=
github.com/pkg/errors v0.9.1/go.mod h1:bwawxfHBFNV+L2hUp1rHADufV3IMtnDRdf1r5NINEl0=
golang.org/x/crypto v0.0.0-20190308221718-c2843e01d9a2/go.mod h1:djNgcEr1/C05ACkg1iLfiJU5Ep61QUkGW8qpdssI0+w=
golang.org/x/net v0.0.0-20200114155413-6afb5195e5aa h1:F+8P+gmewFQYRk6JoLQLwjBCTu3mcIURZfNkVweuRKA=
golang.org/x/net v0.0.0-20200114155413-6afb5195e5aa/go.mod h1:z5CRVTTTmAJ677TzLLGU+0bjPO0LkuOLi4/5GtJWs/s=
golang.org/x/sys v0.0.0-20190215142949-d0b11bdaac8a h1:1BGLXjeY4akVXGgbC9HugT3Jv3hCI0z56oJR5vAMgBU=
golang.org/x/sys v0.0.0-20190215142949-d0b11bdaac8a/go.mod h1:STP8DvDyc/dI5b8T5hshtkjS+E42TnysNCUPdjciGhY=
golang.org/x/sys v0.0.0-20190412213103-97732733099d h1:+R4KGOnez64A81RvjARKc4UT5/tI9ujCIVX+P5KiHuI=
golang.org/x/sys v0.0.0-20190412213103-97732733099d/go.mod h1:h1NjWce9XRLGQEsW7wpKNCjG9DtNlClVuFLEZdDNbEs=
golang.org/x/text v0.3.0/go.mod h1:NqM8EUOU14njkJ3fqMW+pc6Ldnwhi/IjpwHt7yyuwOQ=
golang.org/x/tools v0.0.0-20181030221726-6c7e314b6563/go.mod h1:n7NCudcB/nEzxVGmLbDWY5pfWTLqBcC2KZ6jyYvM4mQ=
